# This file is automatically @generated by Cargo.
# It is not intended for manual editing.
version = 4

[[package]]
name = "ai-core"
version = "0.1.0"
dependencies = [
 "engine-core",
]

[[package]]
name = "bench-report"
version = "0.1.0"

[[package]]
name = "column_four"
version = "0.1.0"
dependencies = [
 "ai-core",
 "engine-core",
]

[[package]]
name = "directional_flip"
version = "0.1.0"
dependencies = [
 "ai-core",
 "engine-core",
]

[[package]]
name = "engine-core"
version = "0.1.0"

[[package]]
name = "fixture-check"
version = "0.1.0"
dependencies = [
 "column_four",
 "race_to_n",
 "three_marks",
]

[[package]]
name = "game-stdlib"
version = "0.1.0"
dependencies = [
 "engine-core",
]

[[package]]
name = "race_to_n"
version = "0.1.0"
dependencies = [
 "ai-core",
 "engine-core",
]

[[package]]
name = "replay-check"
version = "0.1.0"
dependencies = [
 "column_four",
 "engine-core",
 "race_to_n",
 "three_marks",
]

[[package]]
name = "rule-coverage"
version = "0.1.0"

[[package]]
name = "seed-reducer"
version = "0.1.0"
dependencies = [
 "race_to_n",
]

[[package]]
name = "simulate"
version = "0.1.0"
dependencies = [
 "ai-core",
 "column_four",
 "engine-core",
 "race_to_n",
 "three_marks",
]

[[package]]
name = "three_marks"
version = "0.1.0"
dependencies = [
 "ai-core",
 "engine-core",
]

[[package]]
name = "trace-viewer"
version = "0.1.0"
dependencies = [
 "race_to_n",
]

[[package]]
name = "wasm-api"
version = "0.1.0"
dependencies = [
 "ai-core",
 "column_four",
 "engine-core",
 "race_to_n",
 "three_marks",
]
