# This file is automatically @generated by Cargo.
# It is not intended for manual editing.
version = 4

[[package]]
name = "ai-core"
version = "0.1.0"
dependencies = [
 "engine-core",
]

[[package]]
name = "bench-report"
version = "0.1.0"

[[package]]
name = "briar_circuit"
version = "0.1.0"
dependencies = [
 "ai-core",
 "engine-core",
 "game-stdlib",
]

[[package]]
name = "column_four"
version = "0.1.0"
dependencies = [
 "ai-core",
 "engine-core",
 "game-stdlib",
]

[[package]]
name = "directional_flip"
version = "0.1.0"
dependencies = [
 "ai-core",
 "engine-core",
 "game-stdlib",
]

[[package]]
name = "draughts_lite"
version = "0.1.0"
dependencies = [
 "ai-core",
 "engine-core",
 "game-stdlib",
]

[[package]]
name = "engine-core"
version = "0.1.0"

[[package]]
name = "event_frontier"
version = "0.1.0"
dependencies = [
 "ai-core",
 "engine-core",
 "game-stdlib",
]

[[package]]
name = "fixture-check"
version = "0.1.0"
dependencies = [
 "briar_circuit",
 "column_four",
 "directional_flip",
 "draughts_lite",
 "event_frontier",
 "flood_watch",
 "frontier_control",
 "high_card_duel",
 "masked_claims",
 "plain_tricks",
 "poker_lite",
 "race_to_n",
 "river_ledger",
 "secret_draft",
 "three_marks",
 "token_bazaar",
 "vow_tide",
]

[[package]]
name = "flood_watch"
version = "0.1.0"
dependencies = [
 "ai-core",
 "engine-core",
]

[[package]]
name = "frontier_control"
version = "0.1.0"
dependencies = [
 "ai-core",
 "engine-core",
]

[[package]]
name = "game-stdlib"
version = "0.1.0"
dependencies = [
 "engine-core",
]

[[package]]
name = "high_card_duel"
version = "0.1.0"
dependencies = [
 "ai-core",
 "engine-core",
 "game-stdlib",
]

[[package]]
name = "masked_claims"
version = "0.1.0"
dependencies = [
 "ai-core",
 "engine-core",
]

[[package]]
name = "plain_tricks"
version = "0.1.0"
dependencies = [
 "ai-core",
 "engine-core",
 "game-stdlib",
]

[[package]]
name = "poker_lite"
version = "0.1.0"
dependencies = [
 "ai-core",
 "engine-core",
]

[[package]]
name = "race_to_n"
version = "0.1.0"
dependencies = [
 "ai-core",
 "engine-core",
]

[[package]]
name = "replay-check"
version = "0.1.0"
dependencies = [
 "briar_circuit",
 "column_four",
 "directional_flip",
 "draughts_lite",
 "engine-core",
 "event_frontier",
 "flood_watch",
 "game-stdlib",
 "high_card_duel",
 "masked_claims",
 "plain_tricks",
 "poker_lite",
 "race_to_n",
 "river_ledger",
 "secret_draft",
 "three_marks",
 "token_bazaar",
 "vow_tide",
]

[[package]]
name = "river_ledger"
version = "0.1.0"
dependencies = [
 "ai-core",
 "engine-core",
]

[[package]]
name = "rule-coverage"
version = "0.1.0"
dependencies = [
 "river_ledger",
]

[[package]]
name = "secret_draft"
version = "0.1.0"
dependencies = [
 "ai-core",
 "engine-core",
]

[[package]]
name = "seed-reducer"
version = "0.1.0"
dependencies = [
 "directional_flip",
 "race_to_n",
]

[[package]]
name = "simulate"
version = "0.1.0"
dependencies = [
 "ai-core",
 "briar_circuit",
 "column_four",
 "directional_flip",
 "draughts_lite",
 "engine-core",
 "event_frontier",
 "flood_watch",
 "frontier_control",
 "high_card_duel",
 "masked_claims",
 "plain_tricks",
 "poker_lite",
 "race_to_n",
 "river_ledger",
 "secret_draft",
 "three_marks",
 "token_bazaar",
 "vow_tide",
]

[[package]]
name = "three_marks"
version = "0.1.0"
dependencies = [
 "ai-core",
 "engine-core",
 "game-stdlib",
]

[[package]]
name = "token_bazaar"
version = "0.1.0"
dependencies = [
 "ai-core",
 "engine-core",
]

[[package]]
name = "trace-viewer"
version = "0.1.0"
dependencies = [
 "directional_flip",
 "engine-core",
 "race_to_n",
]

[[package]]
name = "vow_tide"
version = "0.1.0"
dependencies = [
 "ai-core",
 "engine-core",
 "game-stdlib",
]

[[package]]
name = "wasm-api"
version = "0.1.0"
dependencies = [
 "ai-core",
 "briar_circuit",
 "column_four",
 "directional_flip",
 "draughts_lite",
 "engine-core",
 "event_frontier",
 "flood_watch",
 "frontier_control",
 "high_card_duel",
 "masked_claims",
 "plain_tricks",
 "poker_lite",
 "race_to_n",
 "river_ledger",
 "secret_draft",
 "three_marks",
 "token_bazaar",
]
